
Microsoft Visual Studio Solution File, Format Version 12.00
# Visual Studio Version 17
VisualStudioVersion = 17.14.36327.8 d17.14
MinimumVisualStudioVersion = 10.0.40219.1
Project("{FAE04EC0-301F-11D3-BF4B-00C04F79EFBC}") = "DynamicProperty.SourceGen", "DynamicProperty.SourceGen.csproj", "{B45DDB4F-2041-4A31-A686-9C7F04AECBFD}"
EndProject
Global
	GlobalSection(SolutionConfigurationPlatforms) = preSolution
		Debug|Any CPU = Debug|Any CPU
		Release|Any CPU = Release|Any CPU
	EndGlobalSection
	GlobalSection(ProjectConfigurationPlatforms) = postSolution
		{B45DDB4F-2041-4A31-A686-9C7F04AECBFD}.Debug|Any CPU.ActiveCfg = Debug|Any CPU
		{B45DDB4F-2041-4A31-A686-9C7F04AECBFD}.Debug|Any CPU.Build.0 = Debug|Any CPU
		{B45DDB4F-2041-4A31-A686-9C7F04AECBFD}.Release|Any CPU.ActiveCfg = Release|Any CPU
		{B45DDB4F-2041-4A31-A686-9C7F04AECBFD}.Release|Any CPU.Build.0 = Release|Any CPU
	EndGlobalSection
	GlobalSection(SolutionProperties) = preSolution
		HideSolutionNode = FALSE
	EndGlobalSection
	GlobalSection(ExtensibilityGlobals) = postSolution
		SolutionGuid = {92563BC9-FD80-474B-9902-5F2A5947B7CE}
	EndGlobalSection
EndGlobal
